
Microsoft Visual Studio Solution File, Format Version 12.00
# Visual Studio Version 16
VisualStudioVersion = 16.0.29519.87
MinimumVisualStudioVersion = 10.0.40219.1
Project("{FAE04EC0-301F-11D3-BF4B-00C04F79EFBC}") = "LINQArreglo01", "LINQArreglo01\LINQArreglo01.csproj", "{3536832D-6FC9-42F8-BFCC-18C31E69E962}"
EndProject
Project("{FAE04EC0-301F-11D3-BF4B-00C04F79EFBC}") = "LINQArreglo02", "LINQArreglo02\LINQArreglo02.csproj", "{6B27D63E-C34D-4DEC-85A0-DBE1746B1EE1}"
EndProject
Project("{FAE04EC0-301F-11D3-BF4B-00C04F79EFBC}") = "LINQMetodoClase03", "LINQMetodoClase03\LINQMetodoClase03.csproj", "{565860AB-496A-4E1B-895C-7B7F221FF90A}"
EndProject
Project("{FAE04EC0-301F-11D3-BF4B-00C04F79EFBC}") = "LINQClase04", "LINQClase04\LINQClase04.csproj", "{76328ECD-916E-4DB4-9DA0-7708687A345B}"
EndProject
Project("{FAE04EC0-301F-11D3-BF4B-00C04F79EFBC}") = "LINQArrayListTips05", "LINQArrayListTips05\LINQArrayListTips05.csproj", "{02B29EC6-585A-46FE-A995-95ADCE821406}"
EndProject
Project("{FAE04EC0-301F-11D3-BF4B-00C04F79EFBC}") = "LINQProjeccion06", "LINQProjeccion06\LINQProjeccion06.csproj", "{BF56C98D-9F4C-4D80-94F5-BDE430B89A62}"
EndProject
Project("{FAE04EC0-301F-11D3-BF4B-00C04F79EFBC}") = "LINQOperaciones07", "LINQOperaciones07\LINQOperaciones07.csproj", "{C6BDB03F-B0EA-4DA0-A7A0-ABC709742783}"
EndProject
Project("{FAE04EC0-301F-11D3-BF4B-00C04F79EFBC}") = "LINQConjuntos08", "LINQConjuntos08\LINQConjuntos08.csproj", "{F42606A4-FD6A-4DCA-B1E4-5F4C7431396A}"
EndProject
Project("{FAE04EC0-301F-11D3-BF4B-00C04F79EFBC}") = "LINQFluentSintax09", "LINQFluentSintax09\LINQFluentSintax09.csproj", "{E1BBE613-AB86-4CD4-B590-C3FEBB58C1C8}"
EndProject
Project("{FAE04EC0-301F-11D3-BF4B-00C04F79EFBC}") = "LINQMasOperadores10", "LINQMasOperadores10\LINQMasOperadores10.csproj", "{7D42AC9D-05FA-4476-A08F-A03955B296E9}"
EndProject
Project("{FAE04EC0-301F-11D3-BF4B-00C04F79EFBC}") = "LINQSubquery11", "LINQSubquery11\LINQSubquery11.csproj", "{7BBC294C-F748-4129-9D8C-BE1A77134446}"
EndProject
Project("{FAE04EC0-301F-11D3-BF4B-00C04F79EFBC}") = "LINQProgressiveQuery12", "LINQProgressiveQuery12\LINQProgressiveQuery12.csproj", "{70F31BCE-8837-4966-AA28-88EAAC373900}"
EndProject
Project("{FAE04EC0-301F-11D3-BF4B-00C04F79EFBC}") = "LINQOperadores13", "LINQOperadores13\LINQOperadores13.csproj", "{62654937-D4EC-4766-8246-6C38A670CF80}"
EndProject
Project("{9A19103F-16F7-4668-BE54-9A1E7A4F7556}") = "LINQXML01", "LINQXML01\LINQXML01.csproj", "{31F56F38-A286-4769-9517-4DCECD5D12FC}"
EndProject
Project("{9A19103F-16F7-4668-BE54-9A1E7A4F7556}") = "LINQXML02", "LINQXML02\LINQXML02.csproj", "{0F5EF8CE-91CE-45D1-AFF0-0F9DEBFD361C}"
EndProject
Project("{9A19103F-16F7-4668-BE54-9A1E7A4F7556}") = "LINQXML03", "LINQXML03\LINQXML03.csproj", "{A4A842F8-1F64-46BF-AAEB-7E4B6A690494}"
EndProject
Project("{9A19103F-16F7-4668-BE54-9A1E7A4F7556}") = "LINQXML04", "LINQXML04\LINQXML04.csproj", "{28238F1B-91EF-4911-B95B-E5A25BAE42D2}"
EndProject
Project("{9A19103F-16F7-4668-BE54-9A1E7A4F7556}") = "LINQXML05", "LINQXML05\LINQXML05.csproj", "{7032D7AF-D262-457D-8819-BB438E9E8CF1}"
EndProject
Project("{FAE04EC0-301F-11D3-BF4B-00C04F79EFBC}") = "LINQEnWinsForms", "LINQEnWinsForms\LINQEnWinsForms.csproj", "{B54D0925-2872-44CA-BB1D-D299634AEFC5}"
EndProject
Global
	GlobalSection(SolutionConfigurationPlatforms) = preSolution
		Debug|Any CPU = Debug|Any CPU
		Release|Any CPU = Release|Any CPU
	EndGlobalSection
	GlobalSection(ProjectConfigurationPlatforms) = postSolution
		{3536832D-6FC9-42F8-BFCC-18C31E69E962}.Debug|Any CPU.ActiveCfg = Debug|Any CPU
		{3536832D-6FC9-42F8-BFCC-18C31E69E962}.Debug|Any CPU.Build.0 = Debug|Any CPU
		{3536832D-6FC9-42F8-BFCC-18C31E69E962}.Release|Any CPU.ActiveCfg = Release|Any CPU
		{3536832D-6FC9-42F8-BFCC-18C31E69E962}.Release|Any CPU.Build.0 = Release|Any CPU
		{6B27D63E-C34D-4DEC-85A0-DBE1746B1EE1}.Debug|Any CPU.ActiveCfg = Debug|Any CPU
		{6B27D63E-C34D-4DEC-85A0-DBE1746B1EE1}.Debug|Any CPU.Build.0 = Debug|Any CPU
		{6B27D63E-C34D-4DEC-85A0-DBE1746B1EE1}.Release|Any CPU.ActiveCfg = Release|Any CPU
		{6B27D63E-C34D-4DEC-85A0-DBE1746B1EE1}.Release|Any CPU.Build.0 = Release|Any CPU
		{565860AB-496A-4E1B-895C-7B7F221FF90A}.Debug|Any CPU.ActiveCfg = Debug|Any CPU
		{565860AB-496A-4E1B-895C-7B7F221FF90A}.Debug|Any CPU.Build.0 = Debug|Any CPU
		{565860AB-496A-4E1B-895C-7B7F221FF90A}.Release|Any CPU.ActiveCfg = Release|Any CPU
		{565860AB-496A-4E1B-895C-7B7F221FF90A}.Release|Any CPU.Build.0 = Release|Any CPU
		{76328ECD-916E-4DB4-9DA0-7708687A345B}.Debug|Any CPU.ActiveCfg = Debug|Any CPU
		{76328ECD-916E-4DB4-9DA0-7708687A345B}.Debug|Any CPU.Build.0 = Debug|Any CPU
		{76328ECD-916E-4DB4-9DA0-7708687A345B}.Release|Any CPU.ActiveCfg = Release|Any CPU
		{76328ECD-916E-4DB4-9DA0-7708687A345B}.Release|Any CPU.Build.0 = Release|Any CPU
		{02B29EC6-585A-46FE-A995-95ADCE821406}.Debug|Any CPU.ActiveCfg = Debug|Any CPU
		{02B29EC6-585A-46FE-A995-95ADCE821406}.Debug|Any CPU.Build.0 = Debug|Any CPU
		{02B29EC6-585A-46FE-A995-95ADCE821406}.Release|Any CPU.ActiveCfg = Release|Any CPU
		{02B29EC6-585A-46FE-A995-95ADCE821406}.Release|Any CPU.Build.0 = Release|Any CPU
		{BF56C98D-9F4C-4D80-94F5-BDE430B89A62}.Debug|Any CPU.ActiveCfg = Debug|Any CPU
		{BF56C98D-9F4C-4D80-94F5-BDE430B89A62}.Debug|Any CPU.Build.0 = Debug|Any CPU
		{BF56C98D-9F4C-4D80-94F5-BDE430B89A62}.Release|Any CPU.ActiveCfg = Release|Any CPU
		{BF56C98D-9F4C-4D80-94F5-BDE430B89A62}.Release|Any CPU.Build.0 = Release|Any CPU
		{C6BDB03F-B0EA-4DA0-A7A0-ABC709742783}.Debug|Any CPU.ActiveCfg = Debug|Any CPU
		{C6BDB03F-B0EA-4DA0-A7A0-ABC709742783}.Debug|Any CPU.Build.0 = Debug|Any CPU
		{C6BDB03F-B0EA-4DA0-A7A0-ABC709742783}.Release|Any CPU.ActiveCfg = Release|Any CPU
		{C6BDB03F-B0EA-4DA0-A7A0-ABC709742783}.Release|Any CPU.Build.0 = Release|Any CPU
		{F42606A4-FD6A-4DCA-B1E4-5F4C7431396A}.Debug|Any CPU.ActiveCfg = Debug|Any CPU
		{F42606A4-FD6A-4DCA-B1E4-5F4C7431396A}.Debug|Any CPU.Build.0 = Debug|Any CPU
		{F42606A4-FD6A-4DCA-B1E4-5F4C7431396A}.Release|Any CPU.ActiveCfg = Release|Any CPU
		{F42606A4-FD6A-4DCA-B1E4-5F4C7431396A}.Release|Any CPU.Build.0 = Release|Any CPU
		{E1BBE613-AB86-4CD4-B590-C3FEBB58C1C8}.Debug|Any CPU.ActiveCfg = Debug|Any CPU
		{E1BBE613-AB86-4CD4-B590-C3FEBB58C1C8}.Debug|Any CPU.Build.0 = Debug|Any CPU
		{E1BBE613-AB86-4CD4-B590-C3FEBB58C1C8}.Release|Any CPU.ActiveCfg = Release|Any CPU
		{E1BBE613-AB86-4CD4-B590-C3FEBB58C1C8}.Release|Any CPU.Build.0 = Release|Any CPU
		{7D42AC9D-05FA-4476-A08F-A03955B296E9}.Debug|Any CPU.ActiveCfg = Debug|Any CPU
		{7D42AC9D-05FA-4476-A08F-A03955B296E9}.Debug|Any CPU.Build.0 = Debug|Any CPU
		{7D42AC9D-05FA-4476-A08F-A03955B296E9}.Release|Any CPU.ActiveCfg = Release|Any CPU
		{7D42AC9D-05FA-4476-A08F-A03955B296E9}.Release|Any CPU.Build.0 = Release|Any CPU
		{7BBC294C-F748-4129-9D8C-BE1A77134446}.Debug|Any CPU.ActiveCfg = Debug|Any CPU
		{7BBC294C-F748-4129-9D8C-BE1A77134446}.Debug|Any CPU.Build.0 = Debug|Any CPU
		{7BBC294C-F748-4129-9D8C-BE1A77134446}.Release|Any CPU.ActiveCfg = Release|Any CPU
		{7BBC294C-F748-4129-9D8C-BE1A77134446}.Release|Any CPU.Build.0 = Release|Any CPU
		{70F31BCE-8837-4966-AA28-88EAAC373900}.Debug|Any CPU.ActiveCfg = Debug|Any CPU
		{70F31BCE-8837-4966-AA28-88EAAC373900}.Debug|Any CPU.Build.0 = Debug|Any CPU
		{70F31BCE-8837-4966-AA28-88EAAC373900}.Release|Any CPU.ActiveCfg = Release|Any CPU
		{70F31BCE-8837-4966-AA28-88EAAC373900}.Release|Any CPU.Build.0 = Release|Any CPU
		{62654937-D4EC-4766-8246-6C38A670CF80}.Debug|Any CPU.ActiveCfg = Debug|Any CPU
		{62654937-D4EC-4766-8246-6C38A670CF80}.Debug|Any CPU.Build.0 = Debug|Any CPU
		{62654937-D4EC-4766-8246-6C38A670CF80}.Release|Any CPU.ActiveCfg = Release|Any CPU
		{62654937-D4EC-4766-8246-6C38A670CF80}.Release|Any CPU.Build.0 = Release|Any CPU
		{31F56F38-A286-4769-9517-4DCECD5D12FC}.Debug|Any CPU.ActiveCfg = Debug|Any CPU
		{31F56F38-A286-4769-9517-4DCECD5D12FC}.Debug|Any CPU.Build.0 = Debug|Any CPU
		{31F56F38-A286-4769-9517-4DCECD5D12FC}.Release|Any CPU.ActiveCfg = Release|Any CPU
		{31F56F38-A286-4769-9517-4DCECD5D12FC}.Release|Any CPU.Build.0 = Release|Any CPU
		{0F5EF8CE-91CE-45D1-AFF0-0F9DEBFD361C}.Debug|Any CPU.ActiveCfg = Debug|Any CPU
		{0F5EF8CE-91CE-45D1-AFF0-0F9DEBFD361C}.Debug|Any CPU.Build.0 = Debug|Any CPU
		{0F5EF8CE-91CE-45D1-AFF0-0F9DEBFD361C}.Release|Any CPU.ActiveCfg = Release|Any CPU
		{0F5EF8CE-91CE-45D1-AFF0-0F9DEBFD361C}.Release|Any CPU.Build.0 = Release|Any CPU
		{A4A842F8-1F64-46BF-AAEB-7E4B6A690494}.Debug|Any CPU.ActiveCfg = Debug|Any CPU
		{A4A842F8-1F64-46BF-AAEB-7E4B6A690494}.Debug|Any CPU.Build.0 = Debug|Any CPU
		{A4A842F8-1F64-46BF-AAEB-7E4B6A690494}.Release|Any CPU.ActiveCfg = Release|Any CPU
		{A4A842F8-1F64-46BF-AAEB-7E4B6A690494}.Release|Any CPU.Build.0 = Release|Any CPU
		{28238F1B-91EF-4911-B95B-E5A25BAE42D2}.Debug|Any CPU.ActiveCfg = Debug|Any CPU
		{28238F1B-91EF-4911-B95B-E5A25BAE42D2}.Debug|Any CPU.Build.0 = Debug|Any CPU
		{28238F1B-91EF-4911-B95B-E5A25BAE42D2}.Release|Any CPU.ActiveCfg = Release|Any CPU
		{28238F1B-91EF-4911-B95B-E5A25BAE42D2}.Release|Any CPU.Build.0 = Release|Any CPU
		{7032D7AF-D262-457D-8819-BB438E9E8CF1}.Debug|Any CPU.ActiveCfg = Debug|Any CPU
		{7032D7AF-D262-457D-8819-BB438E9E8CF1}.Debug|Any CPU.Build.0 = Debug|Any CPU
		{7032D7AF-D262-457D-8819-BB438E9E8CF1}.Release|Any CPU.ActiveCfg = Release|Any CPU
		{7032D7AF-D262-457D-8819-BB438E9E8CF1}.Release|Any CPU.Build.0 = Release|Any CPU
		{B54D0925-2872-44CA-BB1D-D299634AEFC5}.Debug|Any CPU.ActiveCfg = Debug|Any CPU
		{B54D0925-2872-44CA-BB1D-D299634AEFC5}.Debug|Any CPU.Build.0 = Debug|Any CPU
		{B54D0925-2872-44CA-BB1D-D299634AEFC5}.Release|Any CPU.ActiveCfg = Release|Any CPU
		{B54D0925-2872-44CA-BB1D-D299634AEFC5}.Release|Any CPU.Build.0 = Release|Any CPU
	EndGlobalSection
	GlobalSection(SolutionProperties) = preSolution
		HideSolutionNode = FALSE
	EndGlobalSection
	GlobalSection(ExtensibilityGlobals) = postSolution
		SolutionGuid = {BE96979A-5A9F-4C04-90E3-1CD5B83556A9}
	EndGlobalSection
EndGlobal
